
Microsoft Visual Studio Solution File, Format Version 12.00
# Visual Studio Version 17
VisualStudioVersion = 17.11.35303.130
MinimumVisualStudioVersion = 10.0.40219.1
Project("{FAE04EC0-301F-11D3-BF4B-00C04F79EFBC}") = "Project II", "Project II.csproj", "{203C3410-0386-4FD2-89E8-ADCDDFEB4B09}"
EndProject
Global
	GlobalSection(SolutionConfigurationPlatforms) = preSolution
		Debug|Any CPU = Debug|Any CPU
		Release|Any CPU = Release|Any CPU
	EndGlobalSection
	GlobalSection(ProjectConfigurationPlatforms) = postSolution
		{203C3410-0386-4FD2-89E8-ADCDDFEB4B09}.Debug|Any CPU.ActiveCfg = Debug|Any CPU
		{203C3410-0386-4FD2-89E8-ADCDDFEB4B09}.Debug|Any CPU.Build.0 = Debug|Any CPU
		{203C3410-0386-4FD2-89E8-ADCDDFEB4B09}.Release|Any CPU.ActiveCfg = Release|Any CPU
		{203C3410-0386-4FD2-89E8-ADCDDFEB4B09}.Release|Any CPU.Build.0 = Release|Any CPU
	EndGlobalSection
	GlobalSection(SolutionProperties) = preSolution
		HideSolutionNode = FALSE
	EndGlobalSection
	GlobalSection(ExtensibilityGlobals) = postSolution
		SolutionGuid = {B4F89E46-755B-453E-A18E-182CA215A017}
	EndGlobalSection
EndGlobal
